
Microsoft Visual Studio Solution File, Format Version 12.00
# Visual Studio Version 17
VisualStudioVersion = 17.8.34525.116
MinimumVisualStudioVersion = 10.0.40219.1
Project("{FAE04EC0-301F-11D3-BF4B-00C04F79EFBC}") = "toDoList.Api", "toDoList\toDoList.Api.csproj", "{9EECF358-2CCA-41ED-8C84-DDA906585A03}"
EndProject
Project("{FAE04EC0-301F-11D3-BF4B-00C04F79EFBC}") = "toDoList.Core", "toDoList.Core\toDoList.Core.csproj", "{2196D224-547D-4429-B04E-1FAD5D8060F2}"
EndProject
Project("{FAE04EC0-301F-11D3-BF4B-00C04F79EFBC}") = "toDoList.Repository", "toDoList.Repository\toDoList.Repository.csproj", "{44578FEC-787A-4D74-95D1-61F7D9A87906}"
EndProject
Global
	GlobalSection(SolutionConfigurationPlatforms) = preSolution
		Debug|Any CPU = Debug|Any CPU
		Release|Any CPU = Release|Any CPU
	EndGlobalSection
	GlobalSection(ProjectConfigurationPlatforms) = postSolution
		{9EECF358-2CCA-41ED-8C84-DDA906585A03}.Debug|Any CPU.ActiveCfg = Debug|Any CPU
		{9EECF358-2CCA-41ED-8C84-DDA906585A03}.Debug|Any CPU.Build.0 = Debug|Any CPU
		{9EECF358-2CCA-41ED-8C84-DDA906585A03}.Release|Any CPU.ActiveCfg = Release|Any CPU
		{9EECF358-2CCA-41ED-8C84-DDA906585A03}.Release|Any CPU.Build.0 = Release|Any CPU
		{2196D224-547D-4429-B04E-1FAD5D8060F2}.Debug|Any CPU.ActiveCfg = Debug|Any CPU
		{2196D224-547D-4429-B04E-1FAD5D8060F2}.Debug|Any CPU.Build.0 = Debug|Any CPU
		{2196D224-547D-4429-B04E-1FAD5D8060F2}.Release|Any CPU.ActiveCfg = Release|Any CPU
		{2196D224-547D-4429-B04E-1FAD5D8060F2}.Release|Any CPU.Build.0 = Release|Any CPU
		{44578FEC-787A-4D74-95D1-61F7D9A87906}.Debug|Any CPU.ActiveCfg = Debug|Any CPU
		{44578FEC-787A-4D74-95D1-61F7D9A87906}.Debug|Any CPU.Build.0 = Debug|Any CPU
		{44578FEC-787A-4D74-95D1-61F7D9A87906}.Release|Any CPU.ActiveCfg = Release|Any CPU
		{44578FEC-787A-4D74-95D1-61F7D9A87906}.Release|Any CPU.Build.0 = Release|Any CPU
	EndGlobalSection
	GlobalSection(SolutionProperties) = preSolution
		HideSolutionNode = FALSE
	EndGlobalSection
	GlobalSection(ExtensibilityGlobals) = postSolution
		SolutionGuid = {E4FACD21-58EE-4C9B-A0AF-B683E829E866}
	EndGlobalSection
EndGlobal
